
Microsoft Visual Studio Solution File, Format Version 12.00
# Visual Studio Version 17
VisualStudioVersion = 17.13.35825.156 d17.13
MinimumVisualStudioVersion = 10.0.40219.1
Project("{FAE04EC0-301F-11D3-BF4B-00C04F79EFBC}") = "projectsem4", "projectsem4.csproj", "{BB960E7B-E1D6-451F-AC97-FF3091949FD2}"
EndProject
Global
	GlobalSection(SolutionConfigurationPlatforms) = preSolution
		Debug|Any CPU = Debug|Any CPU
		Release|Any CPU = Release|Any CPU
	EndGlobalSection
	GlobalSection(ProjectConfigurationPlatforms) = postSolution
		{BB960E7B-E1D6-451F-AC97-FF3091949FD2}.Debug|Any CPU.ActiveCfg = Debug|Any CPU
		{BB960E7B-E1D6-451F-AC97-FF3091949FD2}.Debug|Any CPU.Build.0 = Debug|Any CPU
		{BB960E7B-E1D6-451F-AC97-FF3091949FD2}.Release|Any CPU.ActiveCfg = Release|Any CPU
		{BB960E7B-E1D6-451F-AC97-FF3091949FD2}.Release|Any CPU.Build.0 = Release|Any CPU
	EndGlobalSection
	GlobalSection(SolutionProperties) = preSolution
		HideSolutionNode = FALSE
	EndGlobalSection
	GlobalSection(ExtensibilityGlobals) = postSolution
		SolutionGuid = {BE17399A-C469-4241-A444-7708156F83B8}
	EndGlobalSection
EndGlobal
